
Microsoft Visual Studio Solution File, Format Version 12.00
# Visual Studio 15
VisualStudioVersion = 15.0.27703.2026
MinimumVisualStudioVersion = 10.0.40219.1
Project("{FAE04EC0-301F-11D3-BF4B-00C04F79EFBC}") = "FTPReadApp", "FTPReadApp\FTPReadApp.csproj", "{E31789DF-F5E0-4A59-B6B3-49D760C77E9D}"
EndProject
Global
	GlobalSection(SolutionConfigurationPlatforms) = preSolution
		Debug|Any CPU = Debug|Any CPU
		Release|Any CPU = Release|Any CPU
	EndGlobalSection
	GlobalSection(ProjectConfigurationPlatforms) = postSolution
		{E31789DF-F5E0-4A59-B6B3-49D760C77E9D}.Debug|Any CPU.ActiveCfg = Debug|Any CPU
		{E31789DF-F5E0-4A59-B6B3-49D760C77E9D}.Debug|Any CPU.Build.0 = Debug|Any CPU
		{E31789DF-F5E0-4A59-B6B3-49D760C77E9D}.Release|Any CPU.ActiveCfg = Release|Any CPU
		{E31789DF-F5E0-4A59-B6B3-49D760C77E9D}.Release|Any CPU.Build.0 = Release|Any CPU
	EndGlobalSection
	GlobalSection(SolutionProperties) = preSolution
		HideSolutionNode = FALSE
	EndGlobalSection
	GlobalSection(ExtensibilityGlobals) = postSolution
		SolutionGuid = {221008AC-3F98-4ED7-925F-4A46BE945475}
	EndGlobalSection
EndGlobal
